// !$*UTF8*$!
{
	archiveVersion = 1;
	classes = {
	};
	objectVersion = 55;
	objects = {

/* Begin PBXBuildFile section */
		3470BCBA28CC34B500209491 /* AppDelegate.swift in Sources */ = {isa = PBXBuildFile; fileRef = 3470BCB928CC34B500209491 /* AppDelegate.swift */; };
		3470BCBC28CC34B500209491 /* SceneDelegate.swift in Sources */ = {isa = PBXBuildFile; fileRef = 3470BCBB28CC34B500209491 /* SceneDelegate.swift */; };
		3470BCC328CC34B700209491 /* Assets.xcassets in Resources */ = {isa = PBXBuildFile; fileRef = 3470BCC228CC34B700209491 /* Assets.xcassets */; };
		3470BCC628CC34B700209491 /* LaunchScreen.storyboard in Resources */ = {isa = PBXBuildFile; fileRef = 3470BCC428CC34B700209491 /* LaunchScreen.storyboard */; };
		3470BCCE28CC35C600209491 /* AppStoreViewController.swift in Sources */ = {isa = PBXBuildFile; fileRef = 3470BCCD28CC35C600209491 /* AppStoreViewController.swift */; };
		3470BCD328CC36A100209491 /* FeaturedApp.swift in Sources */ = {isa = PBXBuildFile; fileRef = 3470BCD228CC36A100209491 /* FeaturedApp.swift */; };
		3470BCD528CC36F300209491 /* FreeApp.swift in Sources */ = {isa = PBXBuildFile; fileRef = 3470BCD428CC36F300209491 /* FreeApp.swift */; };
		3470BCD728CC37CB00209491 /* CollectionView+Helper.swift in Sources */ = {isa = PBXBuildFile; fileRef = 3470BCD628CC37CA00209491 /* CollectionView+Helper.swift */; };
		3470BCDA28CC383300209491 /* FreeAppCell.swift in Sources */ = {isa = PBXBuildFile; fileRef = 3470BCD928CC383300209491 /* FreeAppCell.swift */; };
		3470BCE028CC38F100209491 /* Nuke in Frameworks */ = {isa = PBXBuildFile; productRef = 3470BCDF28CC38F100209491 /* Nuke */; };
		3470BCE328CC3B0A00209491 /* FeaturedAppsCell.swift in Sources */ = {isa = PBXBuildFile; fileRef = 3470BCE128CC3B0900209491 /* FeaturedAppsCell.swift */; };
		3470BCE428CC3B0A00209491 /* HeaderSupplementaryCell.swift in Sources */ = {isa = PBXBuildFile; fileRef = 3470BCE228CC3B0900209491 /* HeaderSupplementaryCell.swift */; };
		3470BCEA28CCB30500209491 /* CompositionalLayoutSectionHelper.swift in Sources */ = {isa = PBXBuildFile; fileRef = 3470BCE928CCB30500209491 /* CompositionalLayoutSectionHelper.swift */; };
/* End PBXBuildFile section */

/* Begin PBXFileReference section */
		3470BCB628CC34B500209491 /* UICollectionViewCompositionalLayout.app */ = {isa = PBXFileReference; explicitFileType = wrapper.application; includeInIndex = 0; path = UICollectionViewCompositionalLayout.app; sourceTree = BUILT_PRODUCTS_DIR; };
		3470BCB928CC34B500209491 /* AppDelegate.swift */ = {isa = PBXFileReference; lastKnownFileType = sourcecode.swift; path = AppDelegate.swift; sourceTree = "<group>"; };
		3470BCBB28CC34B500209491 /* SceneDelegate.swift */ = {isa = PBXFileReference; lastKnownFileType = sourcecode.swift; path = SceneDelegate.swift; sourceTree = "<group>"; };
		3470BCC228CC34B700209491 /* Assets.xcassets */ = {isa = PBXFileReference; lastKnownFileType = folder.assetcatalog; path = Assets.xcassets; sourceTree = "<group>"; };
		3470BCC528CC34B700209491 /* Base */ = {isa = PBXFileReference; lastKnownFileType = file.storyboard; name = Base; path = Base.lproj/LaunchScreen.storyboard; sourceTree = "<group>"; };
		3470BCC728CC34B700209491 /* Info.plist */ = {isa = PBXFileReference; lastKnownFileType = text.plist.xml; path = Info.plist; sourceTree = "<group>"; };
		3470BCCD28CC35C600209491 /* AppStoreViewController.swift */ = {isa = PBXFileReference; lastKnownFileType = sourcecode.swift; path = AppStoreViewController.swift; sourceTree = "<group>"; };
		3470BCD228CC36A100209491 /* FeaturedApp.swift */ = {isa = PBXFileReference; lastKnownFileType = sourcecode.swift; path = FeaturedApp.swift; sourceTree = "<group>"; };
		3470BCD428CC36F300209491 /* FreeApp.swift */ = {isa = PBXFileReference; lastKnownFileType = sourcecode.swift; path = FreeApp.swift; sourceTree = "<group>"; };
		3470BCD628CC37CA00209491 /* CollectionView+Helper.swift */ = {isa = PBXFileReference; fileEncoding = 4; lastKnownFileType = sourcecode.swift; path = "CollectionView+Helper.swift"; sourceTree = "<group>"; };
		3470BCD928CC383300209491 /* FreeAppCell.swift */ = {isa = PBXFileReference; lastKnownFileType = sourcecode.swift; path = FreeAppCell.swift; sourceTree = "<group>"; };
		3470BCE128CC3B0900209491 /* FeaturedAppsCell.swift */ = {isa = PBXFileReference; fileEncoding = 4; lastKnownFileType = sourcecode.swift; path = FeaturedAppsCell.swift; sourceTree = "<group>"; };
		3470BCE228CC3B0900209491 /* HeaderSupplementaryCell.swift */ = {isa = PBXFileReference; fileEncoding = 4; lastKnownFileType = sourcecode.swift; path = HeaderSupplementaryCell.swift; sourceTree = "<group>"; };
		3470BCE928CCB30500209491 /* CompositionalLayoutSectionHelper.swift */ = {isa = PBXFileReference; lastKnownFileType = sourcecode.swift; path = CompositionalLayoutSectionHelper.swift; sourceTree = "<group>"; };
/* End PBXFileReference section */

/* Begin PBXFrameworksBuildPhase section */
		3470BCB328CC34B500209491 /* Frameworks */ = {
			isa = PBXFrameworksBuildPhase;
			buildActionMask = 2147483647;
			files = (
				3470BCE028CC38F100209491 /* Nuke in Frameworks */,
			);
			runOnlyForDeploymentPostprocessing = 0;
		};
/* End PBXFrameworksBuildPhase section */

/* Begin PBXGroup section */
		3470BCAD28CC34B500209491 = {
			isa = PBXGroup;
			children = (
				3470BCB828CC34B500209491 /* UICollectionViewCompositionalLayout */,
				3470BCB728CC34B500209491 /* Products */,
			);
			sourceTree = "<group>";
		};
		3470BCB728CC34B500209491 /* Products */ = {
			isa = PBXGroup;
			children = (
				3470BCB628CC34B500209491 /* UICollectionViewCompositionalLayout.app */,
			);
			name = Products;
			sourceTree = "<group>";
		};
		3470BCB828CC34B500209491 /* UICollectionViewCompositionalLayout */ = {
			isa = PBXGroup;
			children = (
				3470BCD828CC381300209491 /* Cells */,
				3470BCCF28CC364D00209491 /* ViewControllers */,
				3470BCD028CC365E00209491 /* Models */,
				3470BCD128CC366400209491 /* Helpers */,
				3470BCB928CC34B500209491 /* AppDelegate.swift */,
				3470BCBB28CC34B500209491 /* SceneDelegate.swift */,
				3470BCC228CC34B700209491 /* Assets.xcassets */,
				3470BCC428CC34B700209491 /* LaunchScreen.storyboard */,
				3470BCC728CC34B700209491 /* Info.plist */,
			);
			path = UICollectionViewCompositionalLayout;
			sourceTree = "<group>";
		};
		3470BCCF28CC364D00209491 /* ViewControllers */ = {
			isa = PBXGroup;
			children = (
				3470BCCD28CC35C600209491 /* AppStoreViewController.swift */,
			);
			path = ViewControllers;
			sourceTree = "<group>";
		};
		3470BCD028CC365E00209491 /* Models */ = {
			isa = PBXGroup;
			children = (
				3470BCD228CC36A100209491 /* FeaturedApp.swift */,
				3470BCD428CC36F300209491 /* FreeApp.swift */,
			);
			path = Models;
			sourceTree = "<group>";
		};
		3470BCD128CC366400209491 /* Helpers */ = {
			isa = PBXGroup;
			children = (
				3470BCD628CC37CA00209491 /* CollectionView+Helper.swift */,
				3470BCE928CCB30500209491 /* CompositionalLayoutSectionHelper.swift */,
			);
			path = Helpers;
			sourceTree = "<group>";
		};
		3470BCD828CC381300209491 /* Cells */ = {
			isa = PBXGroup;
			children = (
				3470BCE128CC3B0900209491 /* FeaturedAppsCell.swift */,
				3470BCE228CC3B0900209491 /* HeaderSupplementaryCell.swift */,
				3470BCD928CC383300209491 /* FreeAppCell.swift */,
			);
			path = Cells;
			sourceTree = "<group>";
		};
/* End PBXGroup section */

/* Begin PBXNativeTarget section */
		3470BCB528CC34B500209491 /* UICollectionViewCompositionalLayout */ = {
			isa = PBXNativeTarget;
			buildConfigurationList = 3470BCCA28CC34B700209491 /* Build configuration list for PBXNativeTarget "UICollectionViewCompositionalLayout" */;
			buildPhases = (
				3470BCB228CC34B500209491 /* Sources */,
				3470BCB328CC34B500209491 /* Frameworks */,
				3470BCB428CC34B500209491 /* Resources */,
			);
			buildRules = (
			);
			dependencies = (
			);
			name = UICollectionViewCompositionalLayout;
			packageProductDependencies = (
				3470BCDF28CC38F100209491 /* Nuke */,
			);
			productName = UICollectionViewCompositionalLayout;
			productReference = 3470BCB628CC34B500209491 /* UICollectionViewCompositionalLayout.app */;
			productType = "com.apple.product-type.application";
		};
/* End PBXNativeTarget section */

/* Begin PBXProject section */
		3470BCAE28CC34B500209491 /* Project object */ = {
			isa = PBXProject;
			attributes = {
				BuildIndependentTargetsInParallel = 1;
				LastSwiftUpdateCheck = 1330;
				LastUpgradeCheck = 1330;
				TargetAttributes = {
					3470BCB528CC34B500209491 = {
						CreatedOnToolsVersion = 13.3.1;
					};
				};
			};
			buildConfigurationList = 3470BCB128CC34B500209491 /* Build configuration list for PBXProject "UICollectionViewCompositionalLayout" */;
			compatibilityVersion = "Xcode 13.0";
			developmentRegion = en;
			hasScannedForEncodings = 0;
			knownRegions = (
				en,
				Base,
			);
			mainGroup = 3470BCAD28CC34B500209491;
			packageReferences = (
				3470BCDE28CC38F100209491 /* XCRemoteSwiftPackageReference "Nuke" */,
			);
			productRefGroup = 3470BCB728CC34B500209491 /* Products */;
			projectDirPath = "";
			projectRoot = "";
			targets = (
				3470BCB528CC34B500209491 /* UICollectionViewCompositionalLayout */,
			);
		};
/* End PBXProject section */

/* Begin PBXResourcesBuildPhase section */
		3470BCB428CC34B500209491 /* Resources */ = {
			isa = PBXResourcesBuildPhase;
			buildActionMask = 2147483647;
			files = (
				3470BCC628CC34B700209491 /* LaunchScreen.storyboard in Resources */,
				3470BCC328CC34B700209491 /* Assets.xcassets in Resources */,
			);
			runOnlyForDeploymentPostprocessing = 0;
		};
/* End PBXResourcesBuildPhase section */

/* Begin PBXSourcesBuildPhase section */
		3470BCB228CC34B500209491 /* Sources */ = {
			isa = PBXSourcesBuildPhase;
			buildActionMask = 2147483647;
			files = (
				3470BCBA28CC34B500209491 /* AppDelegate.swift in Sources */,
				3470BCEA28CCB30500209491 /* CompositionalLayoutSectionHelper.swift in Sources */,
				3470BCD528CC36F300209491 /* FreeApp.swift in Sources */,
				3470BCD328CC36A100209491 /* FeaturedApp.swift in Sources */,
				3470BCE428CC3B0A00209491 /* HeaderSupplementaryCell.swift in Sources */,
				3470BCCE28CC35C600209491 /* AppStoreViewController.swift in Sources */,
				3470BCD728CC37CB00209491 /* CollectionView+Helper.swift in Sources */,
				3470BCE328CC3B0A00209491 /* FeaturedAppsCell.swift in Sources */,
				3470BCBC28CC34B500209491 /* SceneDelegate.swift in Sources */,
				3470BCDA28CC383300209491 /* FreeAppCell.swift in Sources */,
			);
			runOnlyForDeploymentPostprocessing = 0;
		};
/* End PBXSourcesBuildPhase section */

/* Begin PBXVariantGroup section */
		3470BCC428CC34B700209491 /* LaunchScreen.storyboard */ = {
			isa = PBXVariantGroup;
			children = (
				3470BCC528CC34B700209491 /* Base */,
			);
			name = LaunchScreen.storyboard;
			sourceTree = "<group>";
		};
/* End PBXVariantGroup section */

/* Begin XCBuildConfiguration section */
		3470BCC828CC34B700209491 /* Debug */ = {
			isa = XCBuildConfiguration;
			buildSettings = {
				ALWAYS_SEARCH_USER_PATHS = NO;
				CLANG_ANALYZER_NONNULL = YES;
				CLANG_ANALYZER_NUMBER_OBJECT_CONVERSION = YES_AGGRESSIVE;
				CLANG_CXX_LANGUAGE_STANDARD = "gnu++17";
				CLANG_ENABLE_MODULES = YES;
				CLANG_ENABLE_OBJC_ARC = YES;
				CLANG_ENABLE_OBJC_WEAK = YES;
				CLANG_WARN_BLOCK_CAPTURE_AUTORELEASING = YES;
				CLANG_WARN_BOOL_CONVERSION = YES;
				CLANG_WARN_COMMA = YES;
				CLANG_WARN_CONSTANT_CONVERSION = YES;
				CLANG_WARN_DEPRECATED_OBJC_IMPLEMENTATIONS = YES;
				CLANG_WARN_DIRECT_OBJC_ISA_USAGE = YES_ERROR;
				CLANG_WARN_DOCUMENTATION_COMMENTS = YES;
				CLANG_WARN_EMPTY_BODY = YES;
				CLANG_WARN_ENUM_CONVERSION = YES;
				CLANG_WARN_INFINITE_RECURSION = YES;
				CLANG_WARN_INT_CONVERSION = YES;
				CLANG_WARN_NON_LITERAL_NULL_CONVERSION = YES;
				CLANG_WARN_OBJC_IMPLICIT_RETAIN_SELF = YES;
				CLANG_WARN_OBJC_LITERAL_CONVERSION = YES;
				CLANG_WARN_OBJC_ROOT_CLASS = YES_ERROR;
				CLANG_WARN_QUOTED_INCLUDE_IN_FRAMEWORK_HEADER = YES;
				CLANG_WARN_RANGE_LOOP_ANALYSIS = YES;
				CLANG_WARN_STRICT_PROTOTYPES = YES;
				CLANG_WARN_SUSPICIOUS_MOVE = YES;
				CLANG_WARN_UNGUARDED_AVAILABILITY = YES_AGGRESSIVE;
				CLANG_WARN_UNREACHABLE_CODE = YES;
				CLANG_WARN__DUPLICATE_METHOD_MATCH = YES;
				COPY_PHASE_STRIP = NO;
				DEBUG_INFORMATION_FORMAT = dwarf;
				ENABLE_STRICT_OBJC_MSGSEND = YES;
				ENABLE_TESTABILITY = YES;
				GCC_C_LANGUAGE_STANDARD = gnu11;
				GCC_DYNAMIC_NO_PIC = NO;
				GCC_NO_COMMON_BLOCKS = YES;
				GCC_OPTIMIZATION_LEVEL = 0;
				GCC_PREPROCESSOR_DEFINITIONS = (
					"DEBUG=1",
					"$(inherited)",
				);
				GCC_WARN_64_TO_32_BIT_CONVERSION = YES;
				GCC_WARN_ABOUT_RETURN_TYPE = YES_ERROR;
				GCC_WARN_UNDECLARED_SELECTOR = YES;
				GCC_WARN_UNINITIALIZED_AUTOS = YES_AGGRESSIVE;
				GCC_WARN_UNUSED_FUNCTION = YES;
				GCC_WARN_UNUSED_VARIABLE = YES;
				IPHONEOS_DEPLOYMENT_TARGET = 15.0;
				MTL_ENABLE_DEBUG_INFO = INCLUDE_SOURCE;
				MTL_FAST_MATH = YES;
				ONLY_ACTIVE_ARCH = YES;
				SDKROOT = iphoneos;
				SWIFT_ACTIVE_COMPILATION_CONDITIONS = DEBUG;
				SWIFT_OPTIMIZATION_LEVEL = "-Onone";
			};
			name = Debug;
		};
		3470BCC928CC34B700209491 /* Release */ = {
			isa = XCBuildConfiguration;
			buildSettings = {
				ALWAYS_SEARCH_USER_PATHS = NO;
				CLANG_ANALYZER_NONNULL = YES;
				CLANG_ANALYZER_NUMBER_OBJECT_CONVERSION = YES_AGGRESSIVE;
				CLANG_CXX_LANGUAGE_STANDARD = "gnu++17";
				CLANG_ENABLE_MODULES = YES;
				CLANG_ENABLE_OBJC_ARC = YES;
				CLANG_ENABLE_OBJC_WEAK = YES;
				CLANG_WARN_BLOCK_CAPTURE_AUTORELEASING = YES;
				CLANG_WARN_BOOL_CONVERSION = YES;
				CLANG_WARN_COMMA = YES;
				CLANG_WARN_CONSTANT_CONVERSION = YES;
				CLANG_WARN_DEPRECATED_OBJC_IMPLEMENTATIONS = YES;
				CLANG_WARN_DIRECT_OBJC_ISA_USAGE = YES_ERROR;
				CLANG_WARN_DOCUMENTATION_COMMENTS = YES;
				CLANG_WARN_EMPTY_BODY = YES;
				CLANG_WARN_ENUM_CONVERSION = YES;
				CLANG_WARN_INFINITE_RECURSION = YES;
				CLANG_WARN_INT_CONVERSION = YES;
				CLANG_WARN_NON_LITERAL_NULL_CONVERSION = YES;
				CLANG_WARN_OBJC_IMPLICIT_RETAIN_SELF = YES;
				CLANG_WARN_OBJC_LITERAL_CONVERSION = YES;
				CLANG_WARN_OBJC_ROOT_CLASS = YES_ERROR;
				CLANG_WARN_QUOTED_INCLUDE_IN_FRAMEWORK_HEADER = YES;
				CLANG_WARN_RANGE_LOOP_ANALYSIS = YES;
				CLANG_WARN_STRICT_PROTOTYPES = YES;
				CLANG_WARN_SUSPICIOUS_MOVE = YES;
				CLANG_WARN_UNGUARDED_AVAILABILITY = YES_AGGRESSIVE;
				CLANG_WARN_UNREACHABLE_CODE = YES;
				CLANG_WARN__DUPLICATE_METHOD_MATCH = YES;
				COPY_PHASE_STRIP = NO;
				DEBUG_INFORMATION_FORMAT = "dwarf-with-dsym";
				ENABLE_NS_ASSERTIONS = NO;
				ENABLE_STRICT_OBJC_MSGSEND = YES;
				GCC_C_LANGUAGE_STANDARD = gnu11;
				GCC_NO_COMMON_BLOCKS = YES;
				GCC_WARN_64_TO_32_BIT_CONVERSION = YES;
				GCC_WARN_ABOUT_RETURN_TYPE = YES_ERROR;
				GCC_WARN_UNDECLARED_SELECTOR = YES;
				GCC_WARN_UNINITIALIZED_AUTOS = YES_AGGRESSIVE;
				GCC_WARN_UNUSED_FUNCTION = YES;
				GCC_WARN_UNUSED_VARIABLE = YES;
				IPHONEOS_DEPLOYMENT_TARGET = 15.0;
				MTL_ENABLE_DEBUG_INFO = NO;
				MTL_FAST_MATH = YES;
				SDKROOT = iphoneos;
				SWIFT_COMPILATION_MODE = wholemodule;
				SWIFT_OPTIMIZATION_LEVEL = "-O";
				VALIDATE_PRODUCT = YES;
			};
			name = Release;
		};
		3470BCCB28CC34B700209491 /* Debug */ = {
			isa = XCBuildConfiguration;
			buildSettings = {
				ASSETCATALOG_COMPILER_APPICON_NAME = AppIcon;
				ASSETCATALOG_COMPILER_GLOBAL_ACCENT_COLOR_NAME = AccentColor;
				CODE_SIGN_STYLE = Automatic;
				CURRENT_PROJECT_VERSION = 1;
				DEVELOPMENT_TEAM = N38EC3HSGY;
				GENERATE_INFOPLIST_FILE = YES;
				INFOPLIST_FILE = UICollectionViewCompositionalLayout/Info.plist;
				INFOPLIST_KEY_UIApplicationSupportsIndirectInputEvents = YES;
				INFOPLIST_KEY_UILaunchStoryboardName = LaunchScreen;
				INFOPLIST_KEY_UISupportedInterfaceOrientations_iPad = "UIInterfaceOrientationPortrait UIInterfaceOrientationPortraitUpsideDown UIInterfaceOrientationLandscapeLeft UIInterfaceOrientationLandscapeRight";
				INFOPLIST_KEY_UISupportedInterfaceOrientations_iPhone = "UIInterfaceOrientationPortrait UIInterfaceOrientationLandscapeLeft UIInterfaceOrientationLandscapeRight";
				IPHONEOS_DEPLOYMENT_TARGET = 15.0;
				LD_RUNPATH_SEARCH_PATHS = (
					"$(inherited)",
					"@executable_path/Frameworks",
				);
				MARKETING_VERSION = 1.0;
				PRODUCT_BUNDLE_IDENTIFIER = com.nirajtiwari.UICollectionViewCompositionalLayout;
				PRODUCT_NAME = "$(TARGET_NAME)";
				SWIFT_EMIT_LOC_STRINGS = YES;
				SWIFT_VERSION = 5.0;
				TARGETED_DEVICE_FAMILY = 1;
			};
			name = Debug;
		};
		3470BCCC28CC34B700209491 /* Release */ = {
			isa = XCBuildConfiguration;
			buildSettings = {
				ASSETCATALOG_COMPILER_APPICON_NAME = AppIcon;
				ASSETCATALOG_COMPILER_GLOBAL_ACCENT_COLOR_NAME = AccentColor;
				CODE_SIGN_STYLE = Automatic;
				CURRENT_PROJECT_VERSION = 1;
				DEVELOPMENT_TEAM = N38EC3HSGY;
				GENERATE_INFOPLIST_FILE = YES;
				INFOPLIST_FILE = UICollectionViewCompositionalLayout/Info.plist;
				INFOPLIST_KEY_UIApplicationSupportsIndirectInputEvents = YES;
				INFOPLIST_KEY_UILaunchStoryboardName = LaunchScreen;
				INFOPLIST_KEY_UISupportedInterfaceOrientations_iPad = "UIInterfaceOrientationPortrait UIInterfaceOrientationPortraitUpsideDown UIInterfaceOrientationLandscapeLeft UIInterfaceOrientationLandscapeRight";
				INFOPLIST_KEY_UISupportedInterfaceOrientations_iPhone = "UIInterfaceOrientationPortrait UIInterfaceOrientationLandscapeLeft UIInterfaceOrientationLandscapeRight";
				IPHONEOS_DEPLOYMENT_TARGET = 15.0;
				LD_RUNPATH_SEARCH_PATHS = (
					"$(inherited)",
					"@executable_path/Frameworks",
				);
				MARKETING_VERSION = 1.0;
				PRODUCT_BUNDLE_IDENTIFIER = com.nirajtiwari.UICollectionViewCompositionalLayout;
				PRODUCT_NAME = "$(TARGET_NAME)";
				SWIFT_EMIT_LOC_STRINGS = YES;
				SWIFT_VERSION = 5.0;
				TARGETED_DEVICE_FAMILY = 1;
			};
			name = Release;
		};
/* End XCBuildConfiguration section */

/* Begin XCConfigurationList section */
		3470BCB128CC34B500209491 /* Build configuration list for PBXProject "UICollectionViewCompositionalLayout" */ = {
			isa = XCConfigurationList;
			buildConfigurations = (
				3470BCC828CC34B700209491 /* Debug */,
				3470BCC928CC34B700209491 /* Release */,
			);
			defaultConfigurationIsVisible = 0;
			defaultConfigurationName = Release;
		};
		3470BCCA28CC34B700209491 /* Build configuration list for PBXNativeTarget "UICollectionViewCompositionalLayout" */ = {
			isa = XCConfigurationList;
			buildConfigurations = (
				3470BCCB28CC34B700209491 /* Debug */,
				3470BCCC28CC34B700209491 /* Release */,
			);
			defaultConfigurationIsVisible = 0;
			defaultConfigurationName = Release;
		};
/* End XCConfigurationList section */

/* Begin XCRemoteSwiftPackageReference section */
		3470BCDE28CC38F100209491 /* XCRemoteSwiftPackageReference "Nuke" */ = {
			isa = XCRemoteSwiftPackageReference;
			repositoryURL = "https://github.com/kean/Nuke.git";
			requirement = {
				kind = upToNextMajorVersion;
				minimumVersion = 9.1.0;
			};
		};
/* End XCRemoteSwiftPackageReference section */

/* Begin XCSwiftPackageProductDependency section */
		3470BCDF28CC38F100209491 /* Nuke */ = {
			isa = XCSwiftPackageProductDependency;
			package = 3470BCDE28CC38F100209491 /* XCRemoteSwiftPackageReference "Nuke" */;
			productName = Nuke;
		};
/* End XCSwiftPackageProductDependency section */
	};
	rootObject = 3470BCAE28CC34B500209491 /* Project object */;
}
